
Microsoft Visual Studio Solution File, Format Version 12.00
# Visual Studio Version 17
VisualStudioVersion = 17.14.36121.58 d17.14
MinimumVisualStudioVersion = 10.0.40219.1
Project("{FAE04EC0-301F-11D3-BF4B-00C04F79EFBC}") = "EF", "EF\EF.csproj", "{5EFDF52C-86C9-424E-A562-E5728AC677AF}"
EndProject
Global
	GlobalSection(SolutionConfigurationPlatforms) = preSolution
		Debug|Any CPU = Debug|Any CPU
		Release|Any CPU = Release|Any CPU
	EndGlobalSection
	GlobalSection(ProjectConfigurationPlatforms) = postSolution
		{5EFDF52C-86C9-424E-A562-E5728AC677AF}.Debug|Any CPU.ActiveCfg = Debug|Any CPU
		{5EFDF52C-86C9-424E-A562-E5728AC677AF}.Debug|Any CPU.Build.0 = Debug|Any CPU
		{5EFDF52C-86C9-424E-A562-E5728AC677AF}.Release|Any CPU.ActiveCfg = Release|Any CPU
		{5EFDF52C-86C9-424E-A562-E5728AC677AF}.Release|Any CPU.Build.0 = Release|Any CPU
	EndGlobalSection
	GlobalSection(SolutionProperties) = preSolution
		HideSolutionNode = FALSE
	EndGlobalSection
	GlobalSection(ExtensibilityGlobals) = postSolution
		SolutionGuid = {828450C8-237D-4AFA-A0BD-8DBB6FF5E7A7}
	EndGlobalSection
EndGlobal
