
Microsoft Visual Studio Solution File, Format Version 12.00
# Visual Studio Version 17
VisualStudioVersion = 17.13.35913.81 d17.13
MinimumVisualStudioVersion = 10.0.40219.1
Project("{FAE04EC0-301F-11D3-BF4B-00C04F79EFBC}") = "TPLtask", "TPLtask\TPLtask.csproj", "{3B058D9D-2803-4DA6-A401-1AA9F991ACA3}"
EndProject
Project("{FAE04EC0-301F-11D3-BF4B-00C04F79EFBC}") = "TPLmodels", "TPLmodels\TPLmodels.csproj", "{6C5B23B6-C4C8-44FE-A328-9598CE29E68F}"
EndProject
Project("{FAE04EC0-301F-11D3-BF4B-00C04F79EFBC}") = "TPLservices", "TPLservices\TPLservices.csproj", "{F5059030-B2FA-49E6-82F3-6F732A60AD65}"
EndProject
Global
	GlobalSection(SolutionConfigurationPlatforms) = preSolution
		Debug|Any CPU = Debug|Any CPU
		Release|Any CPU = Release|Any CPU
	EndGlobalSection
	GlobalSection(ProjectConfigurationPlatforms) = postSolution
		{3B058D9D-2803-4DA6-A401-1AA9F991ACA3}.Debug|Any CPU.ActiveCfg = Debug|Any CPU
		{3B058D9D-2803-4DA6-A401-1AA9F991ACA3}.Debug|Any CPU.Build.0 = Debug|Any CPU
		{3B058D9D-2803-4DA6-A401-1AA9F991ACA3}.Release|Any CPU.ActiveCfg = Release|Any CPU
		{3B058D9D-2803-4DA6-A401-1AA9F991ACA3}.Release|Any CPU.Build.0 = Release|Any CPU
		{6C5B23B6-C4C8-44FE-A328-9598CE29E68F}.Debug|Any CPU.ActiveCfg = Debug|Any CPU
		{6C5B23B6-C4C8-44FE-A328-9598CE29E68F}.Debug|Any CPU.Build.0 = Debug|Any CPU
		{6C5B23B6-C4C8-44FE-A328-9598CE29E68F}.Release|Any CPU.ActiveCfg = Release|Any CPU
		{6C5B23B6-C4C8-44FE-A328-9598CE29E68F}.Release|Any CPU.Build.0 = Release|Any CPU
		{F5059030-B2FA-49E6-82F3-6F732A60AD65}.Debug|Any CPU.ActiveCfg = Debug|Any CPU
		{F5059030-B2FA-49E6-82F3-6F732A60AD65}.Debug|Any CPU.Build.0 = Debug|Any CPU
		{F5059030-B2FA-49E6-82F3-6F732A60AD65}.Release|Any CPU.ActiveCfg = Release|Any CPU
		{F5059030-B2FA-49E6-82F3-6F732A60AD65}.Release|Any CPU.Build.0 = Release|Any CPU
	EndGlobalSection
	GlobalSection(SolutionProperties) = preSolution
		HideSolutionNode = FALSE
	EndGlobalSection
	GlobalSection(ExtensibilityGlobals) = postSolution
		SolutionGuid = {B9519BB9-654C-4E4A-BDA8-BAF477E5334E}
	EndGlobalSection
EndGlobal
