
Microsoft Visual Studio Solution File, Format Version 12.00
# Visual Studio Version 17
VisualStudioVersion = 17.14.36121.58
MinimumVisualStudioVersion = 10.0.40219.1
Project("{FAE04EC0-301F-11D3-BF4B-00C04F79EFBC}") = "ADOprogarm", "ADOprogarm\ADOprogarm.csproj", "{BF94192E-8F9E-4ACD-9083-57B85B6836D7}"
EndProject
Project("{FAE04EC0-301F-11D3-BF4B-00C04F79EFBC}") = "ADOservices", "ADOservices\ADOservices.csproj", "{14E6B840-00EA-47CC-AE25-2BD563EA1413}"
EndProject
Project("{FAE04EC0-301F-11D3-BF4B-00C04F79EFBC}") = "ADOmodels", "ADOmodels\ADOmodels.csproj", "{0594E430-307A-4CAA-A901-132BB0231CEF}"
EndProject
Project("{FAE04EC0-301F-11D3-BF4B-00C04F79EFBC}") = "ADOrepositories", "ADOrepositories\ADOrepositories.csproj", "{D263496F-A8EF-4489-8CB5-BD04976390AE}"
EndProject
Project("{FAE04EC0-301F-11D3-BF4B-00C04F79EFBC}") = "ADOdata", "ADOdata\ADOdata.csproj", "{D4EDE8E6-D9DA-4B85-8549-C81CAF80A2F9}"
EndProject
Project("{FAE04EC0-301F-11D3-BF4B-00C04F79EFBC}") = "ADOextensions", "ADOextensions\ADOextensions.csproj", "{4DC0DCE5-E133-4B0B-A02C-26EA55C5D552}"
EndProject
Project("{FAE04EC0-301F-11D3-BF4B-00C04F79EFBC}") = "ADOinterfaces", "ADOinterfaces\ADOinterfaces.csproj", "{24316525-D8B0-4905-90D8-0468A5714D9A}"
EndProject
Project("{FAE04EC0-301F-11D3-BF4B-00C04F79EFBC}") = "ADOinfrastructure", "ADOinfrastructure\ADOinfrastructure.csproj", "{E5B846BA-478B-4430-BA6E-3018F134927F}"
EndProject
Project("{FAE04EC0-301F-11D3-BF4B-00C04F79EFBC}") = "ADOtests", "ADOtests\ADOtests.csproj", "{77EC6514-1E22-4B6B-87E7-9808FE270909}"
EndProject
Global
	GlobalSection(SolutionConfigurationPlatforms) = preSolution
		Debug|Any CPU = Debug|Any CPU
		Release|Any CPU = Release|Any CPU
	EndGlobalSection
	GlobalSection(ProjectConfigurationPlatforms) = postSolution
		{BF94192E-8F9E-4ACD-9083-57B85B6836D7}.Debug|Any CPU.ActiveCfg = Debug|Any CPU
		{BF94192E-8F9E-4ACD-9083-57B85B6836D7}.Debug|Any CPU.Build.0 = Debug|Any CPU
		{BF94192E-8F9E-4ACD-9083-57B85B6836D7}.Release|Any CPU.ActiveCfg = Release|Any CPU
		{BF94192E-8F9E-4ACD-9083-57B85B6836D7}.Release|Any CPU.Build.0 = Release|Any CPU
		{14E6B840-00EA-47CC-AE25-2BD563EA1413}.Debug|Any CPU.ActiveCfg = Debug|Any CPU
		{14E6B840-00EA-47CC-AE25-2BD563EA1413}.Debug|Any CPU.Build.0 = Debug|Any CPU
		{14E6B840-00EA-47CC-AE25-2BD563EA1413}.Release|Any CPU.ActiveCfg = Release|Any CPU
		{14E6B840-00EA-47CC-AE25-2BD563EA1413}.Release|Any CPU.Build.0 = Release|Any CPU
		{0594E430-307A-4CAA-A901-132BB0231CEF}.Debug|Any CPU.ActiveCfg = Debug|Any CPU
		{0594E430-307A-4CAA-A901-132BB0231CEF}.Debug|Any CPU.Build.0 = Debug|Any CPU
		{0594E430-307A-4CAA-A901-132BB0231CEF}.Release|Any CPU.ActiveCfg = Release|Any CPU
		{0594E430-307A-4CAA-A901-132BB0231CEF}.Release|Any CPU.Build.0 = Release|Any CPU
		{D263496F-A8EF-4489-8CB5-BD04976390AE}.Debug|Any CPU.ActiveCfg = Debug|Any CPU
		{D263496F-A8EF-4489-8CB5-BD04976390AE}.Debug|Any CPU.Build.0 = Debug|Any CPU
		{D263496F-A8EF-4489-8CB5-BD04976390AE}.Release|Any CPU.ActiveCfg = Release|Any CPU
		{D263496F-A8EF-4489-8CB5-BD04976390AE}.Release|Any CPU.Build.0 = Release|Any CPU
		{D4EDE8E6-D9DA-4B85-8549-C81CAF80A2F9}.Debug|Any CPU.ActiveCfg = Debug|Any CPU
		{D4EDE8E6-D9DA-4B85-8549-C81CAF80A2F9}.Debug|Any CPU.Build.0 = Debug|Any CPU
		{D4EDE8E6-D9DA-4B85-8549-C81CAF80A2F9}.Release|Any CPU.ActiveCfg = Release|Any CPU
		{D4EDE8E6-D9DA-4B85-8549-C81CAF80A2F9}.Release|Any CPU.Build.0 = Release|Any CPU
		{4DC0DCE5-E133-4B0B-A02C-26EA55C5D552}.Debug|Any CPU.ActiveCfg = Debug|Any CPU
		{4DC0DCE5-E133-4B0B-A02C-26EA55C5D552}.Debug|Any CPU.Build.0 = Debug|Any CPU
		{4DC0DCE5-E133-4B0B-A02C-26EA55C5D552}.Release|Any CPU.ActiveCfg = Release|Any CPU
		{4DC0DCE5-E133-4B0B-A02C-26EA55C5D552}.Release|Any CPU.Build.0 = Release|Any CPU
		{24316525-D8B0-4905-90D8-0468A5714D9A}.Debug|Any CPU.ActiveCfg = Debug|Any CPU
		{24316525-D8B0-4905-90D8-0468A5714D9A}.Debug|Any CPU.Build.0 = Debug|Any CPU
		{24316525-D8B0-4905-90D8-0468A5714D9A}.Release|Any CPU.ActiveCfg = Release|Any CPU
		{24316525-D8B0-4905-90D8-0468A5714D9A}.Release|Any CPU.Build.0 = Release|Any CPU
		{E5B846BA-478B-4430-BA6E-3018F134927F}.Debug|Any CPU.ActiveCfg = Debug|Any CPU
		{E5B846BA-478B-4430-BA6E-3018F134927F}.Debug|Any CPU.Build.0 = Debug|Any CPU
		{E5B846BA-478B-4430-BA6E-3018F134927F}.Release|Any CPU.ActiveCfg = Release|Any CPU
		{E5B846BA-478B-4430-BA6E-3018F134927F}.Release|Any CPU.Build.0 = Release|Any CPU
		{77EC6514-1E22-4B6B-87E7-9808FE270909}.Debug|Any CPU.ActiveCfg = Debug|Any CPU
		{77EC6514-1E22-4B6B-87E7-9808FE270909}.Debug|Any CPU.Build.0 = Debug|Any CPU
		{77EC6514-1E22-4B6B-87E7-9808FE270909}.Release|Any CPU.ActiveCfg = Release|Any CPU
		{77EC6514-1E22-4B6B-87E7-9808FE270909}.Release|Any CPU.Build.0 = Release|Any CPU
	EndGlobalSection
	GlobalSection(SolutionProperties) = preSolution
		HideSolutionNode = FALSE
	EndGlobalSection
	GlobalSection(ExtensibilityGlobals) = postSolution
		SolutionGuid = {2A594FD6-1DE7-46C5-B22E-AF4844F607B6}
	EndGlobalSection
EndGlobal
